
Microsoft Visual Studio Solution File, Format Version 12.00
# Visual Studio Version 16
VisualStudioVersion = 16.0.30204.135
MinimumVisualStudioVersion = 10.0.40219.1
Project("{2150E333-8FDC-42A3-9474-1A3956D46DE8}") = "Entities", "Entities", "{52056929-08B9-464D-B077-C65336A3AC2B}"
EndProject
Project("{FAE04EC0-301F-11D3-BF4B-00C04F79EFBC}") = "Financial.Entities", "Financial.Entities\Financial.Entities.csproj", "{0D9C4C04-1378-434E-8678-9D33B4794BD2}"
EndProject
Project("{2150E333-8FDC-42A3-9474-1A3956D46DE8}") = "Infra", "Infra", "{536EA81E-2D66-4023-B19F-D9E88B695C5E}"
EndProject
Project("{FAE04EC0-301F-11D3-BF4B-00C04F79EFBC}") = "Financial.Infra", "Financial.Infra\Financial.Infra.csproj", "{5403F1A1-3CB0-4F6C-A915-543198DAEE64}"
EndProject
Global
	GlobalSection(SolutionConfigurationPlatforms) = preSolution
		Debug|Any CPU = Debug|Any CPU
		Release|Any CPU = Release|Any CPU
	EndGlobalSection
	GlobalSection(ProjectConfigurationPlatforms) = postSolution
		{0D9C4C04-1378-434E-8678-9D33B4794BD2}.Debug|Any CPU.ActiveCfg = Debug|Any CPU
		{0D9C4C04-1378-434E-8678-9D33B4794BD2}.Debug|Any CPU.Build.0 = Debug|Any CPU
		{0D9C4C04-1378-434E-8678-9D33B4794BD2}.Release|Any CPU.ActiveCfg = Release|Any CPU
		{0D9C4C04-1378-434E-8678-9D33B4794BD2}.Release|Any CPU.Build.0 = Release|Any CPU
		{5403F1A1-3CB0-4F6C-A915-543198DAEE64}.Debug|Any CPU.ActiveCfg = Debug|Any CPU
		{5403F1A1-3CB0-4F6C-A915-543198DAEE64}.Debug|Any CPU.Build.0 = Debug|Any CPU
		{5403F1A1-3CB0-4F6C-A915-543198DAEE64}.Release|Any CPU.ActiveCfg = Release|Any CPU
		{5403F1A1-3CB0-4F6C-A915-543198DAEE64}.Release|Any CPU.Build.0 = Release|Any CPU
	EndGlobalSection
	GlobalSection(SolutionProperties) = preSolution
		HideSolutionNode = FALSE
	EndGlobalSection
	GlobalSection(NestedProjects) = preSolution
		{0D9C4C04-1378-434E-8678-9D33B4794BD2} = {52056929-08B9-464D-B077-C65336A3AC2B}
		{5403F1A1-3CB0-4F6C-A915-543198DAEE64} = {536EA81E-2D66-4023-B19F-D9E88B695C5E}
	EndGlobalSection
	GlobalSection(ExtensibilityGlobals) = postSolution
		SolutionGuid = {044C88FC-0AEC-42C8-A941-58DC76D27089}
	EndGlobalSection
EndGlobal
